
Microsoft Visual Studio Solution File, Format Version 12.00
# Visual Studio Version 17
VisualStudioVersion = 17.11.35312.102
MinimumVisualStudioVersion = 10.0.40219.1
Project("{FAE04EC0-301F-11D3-BF4B-00C04F79EFBC}") = "CureMedAI", "CureMedAI.csproj", "{18835FDA-6909-4985-87A5-AFCE3A9C7905}"
EndProject
Global
	GlobalSection(SolutionConfigurationPlatforms) = preSolution
		Debug|Any CPU = Debug|Any CPU
		Release|Any CPU = Release|Any CPU
	EndGlobalSection
	GlobalSection(ProjectConfigurationPlatforms) = postSolution
		{18835FDA-6909-4985-87A5-AFCE3A9C7905}.Debug|Any CPU.ActiveCfg = Debug|Any CPU
		{18835FDA-6909-4985-87A5-AFCE3A9C7905}.Debug|Any CPU.Build.0 = Debug|Any CPU
		{18835FDA-6909-4985-87A5-AFCE3A9C7905}.Release|Any CPU.ActiveCfg = Release|Any CPU
		{18835FDA-6909-4985-87A5-AFCE3A9C7905}.Release|Any CPU.Build.0 = Release|Any CPU
	EndGlobalSection
	GlobalSection(SolutionProperties) = preSolution
		HideSolutionNode = FALSE
	EndGlobalSection
	GlobalSection(ExtensibilityGlobals) = postSolution
		SolutionGuid = {02E4B984-7883-4B46-B62F-59D59A414E50}
	EndGlobalSection
EndGlobal
